
Microsoft Visual Studio Solution File, Format Version 12.00
# Visual Studio Version 16
VisualStudioVersion = 16.0.31729.503
MinimumVisualStudioVersion = 10.0.40219.1
Project("{9A19103F-16F7-4668-BE54-9A1E7A4F7556}") = "AdventOfCode", "AdventOfCode\AdventOfCode.csproj", "{243539AD-61F4-430E-8F35-F45A09D634FB}"
EndProject
Project("{9A19103F-16F7-4668-BE54-9A1E7A4F7556}") = "Day01", "Day01\Day01.csproj", "{A74B3A93-ACE1-4A19-8247-FAE26542B1FD}"
EndProject
Project("{9A19103F-16F7-4668-BE54-9A1E7A4F7556}") = "Day02", "Day02\Day02.csproj", "{F7F1F5DE-60BE-4905-B692-6811E5CDC12C}"
EndProject
Project("{9A19103F-16F7-4668-BE54-9A1E7A4F7556}") = "Day03", "Day03\Day03.csproj", "{168F5F4B-82F2-40E0-A162-62A0DF8AD664}"
EndProject
Project("{9A19103F-16F7-4668-BE54-9A1E7A4F7556}") = "Day04", "Day04\Day04.csproj", "{61851629-12DA-402F-88B3-60C14BB11895}"
EndProject
Project("{9A19103F-16F7-4668-BE54-9A1E7A4F7556}") = "Day05", "Day05\Day05.csproj", "{2DD0EDA0-FB2F-4C4A-8BA4-7AF7DBA0F51B}"
EndProject
Project("{9A19103F-16F7-4668-BE54-9A1E7A4F7556}") = "Day06", "Day06\Day06.csproj", "{A4453DFC-362E-496C-A0B6-352843ECB5E7}"
EndProject
Project("{FAE04EC0-301F-11D3-BF4B-00C04F79EFBC}") = "Day07", "Day07\Day07.csproj", "{49552230-0E5D-4119-95B3-7F6070ED56B2}"
EndProject
Global
	GlobalSection(SolutionConfigurationPlatforms) = preSolution
		Debug|Any CPU = Debug|Any CPU
		Release|Any CPU = Release|Any CPU
	EndGlobalSection
	GlobalSection(ProjectConfigurationPlatforms) = postSolution
		{243539AD-61F4-430E-8F35-F45A09D634FB}.Debug|Any CPU.ActiveCfg = Debug|Any CPU
		{243539AD-61F4-430E-8F35-F45A09D634FB}.Debug|Any CPU.Build.0 = Debug|Any CPU
		{243539AD-61F4-430E-8F35-F45A09D634FB}.Release|Any CPU.ActiveCfg = Release|Any CPU
		{243539AD-61F4-430E-8F35-F45A09D634FB}.Release|Any CPU.Build.0 = Release|Any CPU
		{A74B3A93-ACE1-4A19-8247-FAE26542B1FD}.Debug|Any CPU.ActiveCfg = Debug|Any CPU
		{A74B3A93-ACE1-4A19-8247-FAE26542B1FD}.Debug|Any CPU.Build.0 = Debug|Any CPU
		{A74B3A93-ACE1-4A19-8247-FAE26542B1FD}.Release|Any CPU.ActiveCfg = Release|Any CPU
		{A74B3A93-ACE1-4A19-8247-FAE26542B1FD}.Release|Any CPU.Build.0 = Release|Any CPU
		{F7F1F5DE-60BE-4905-B692-6811E5CDC12C}.Debug|Any CPU.ActiveCfg = Debug|Any CPU
		{F7F1F5DE-60BE-4905-B692-6811E5CDC12C}.Debug|Any CPU.Build.0 = Debug|Any CPU
		{F7F1F5DE-60BE-4905-B692-6811E5CDC12C}.Release|Any CPU.ActiveCfg = Release|Any CPU
		{F7F1F5DE-60BE-4905-B692-6811E5CDC12C}.Release|Any CPU.Build.0 = Release|Any CPU
		{168F5F4B-82F2-40E0-A162-62A0DF8AD664}.Debug|Any CPU.ActiveCfg = Debug|Any CPU
		{168F5F4B-82F2-40E0-A162-62A0DF8AD664}.Debug|Any CPU.Build.0 = Debug|Any CPU
		{168F5F4B-82F2-40E0-A162-62A0DF8AD664}.Release|Any CPU.ActiveCfg = Release|Any CPU
		{168F5F4B-82F2-40E0-A162-62A0DF8AD664}.Release|Any CPU.Build.0 = Release|Any CPU
		{61851629-12DA-402F-88B3-60C14BB11895}.Debug|Any CPU.ActiveCfg = Debug|Any CPU
		{61851629-12DA-402F-88B3-60C14BB11895}.Debug|Any CPU.Build.0 = Debug|Any CPU
		{61851629-12DA-402F-88B3-60C14BB11895}.Release|Any CPU.ActiveCfg = Release|Any CPU
		{61851629-12DA-402F-88B3-60C14BB11895}.Release|Any CPU.Build.0 = Release|Any CPU
		{2DD0EDA0-FB2F-4C4A-8BA4-7AF7DBA0F51B}.Debug|Any CPU.ActiveCfg = Debug|Any CPU
		{2DD0EDA0-FB2F-4C4A-8BA4-7AF7DBA0F51B}.Debug|Any CPU.Build.0 = Debug|Any CPU
		{2DD0EDA0-FB2F-4C4A-8BA4-7AF7DBA0F51B}.Release|Any CPU.ActiveCfg = Release|Any CPU
		{2DD0EDA0-FB2F-4C4A-8BA4-7AF7DBA0F51B}.Release|Any CPU.Build.0 = Release|Any CPU
		{A4453DFC-362E-496C-A0B6-352843ECB5E7}.Debug|Any CPU.ActiveCfg = Debug|Any CPU
		{A4453DFC-362E-496C-A0B6-352843ECB5E7}.Debug|Any CPU.Build.0 = Debug|Any CPU
		{A4453DFC-362E-496C-A0B6-352843ECB5E7}.Release|Any CPU.ActiveCfg = Release|Any CPU
		{A4453DFC-362E-496C-A0B6-352843ECB5E7}.Release|Any CPU.Build.0 = Release|Any CPU
		{49552230-0E5D-4119-95B3-7F6070ED56B2}.Debug|Any CPU.ActiveCfg = Debug|Any CPU
		{49552230-0E5D-4119-95B3-7F6070ED56B2}.Debug|Any CPU.Build.0 = Debug|Any CPU
		{49552230-0E5D-4119-95B3-7F6070ED56B2}.Release|Any CPU.ActiveCfg = Release|Any CPU
		{49552230-0E5D-4119-95B3-7F6070ED56B2}.Release|Any CPU.Build.0 = Release|Any CPU
	EndGlobalSection
	GlobalSection(SolutionProperties) = preSolution
		HideSolutionNode = FALSE
	EndGlobalSection
	GlobalSection(ExtensibilityGlobals) = postSolution
		SolutionGuid = {16DB6A85-741A-490B-9E1E-D04B47EBFF24}
	EndGlobalSection
EndGlobal
